Microsoft Visual Studio Solution File, Format Version 12.00
# Visual Studio Version 17
VisualStudioVersion = 17.5.2.0
MinimumVisualStudioVersion = 10.0.40219.1
Project("{FAE04EC0-301F-11D3-BF4B-00C04F79EFBC}") = "SistemaDeContaBancaria", "SistemaDeContaBancaria.csproj", "{BDAAB63B-07C9-5DBD-18DB-C2C5543621CF}"
EndProject
Global
	GlobalSection(SolutionConfigurationPlatforms) = preSolution
		Debug|Any CPU = Debug|Any CPU
		Release|Any CPU = Release|Any CPU
	EndGlobalSection
	GlobalSection(ProjectConfigurationPlatforms) = postSolution
		{BDAAB63B-07C9-5DBD-18DB-C2C5543621CF}.Debug|Any CPU.ActiveCfg = Debug|Any CPU
		{BDAAB63B-07C9-5DBD-18DB-C2C5543621CF}.Debug|Any CPU.Build.0 = Debug|Any CPU
		{BDAAB63B-07C9-5DBD-18DB-C2C5543621CF}.Release|Any CPU.ActiveCfg = Release|Any CPU
		{BDAAB63B-07C9-5DBD-18DB-C2C5543621CF}.Release|Any CPU.Build.0 = Release|Any CPU
	EndGlobalSection
	GlobalSection(SolutionProperties) = preSolution
		HideSolutionNode = FALSE
	EndGlobalSection
	GlobalSection(ExtensibilityGlobals) = postSolution
		SolutionGuid = {35E27A0A-6692-4165-A92A-A56D33AD6D22}
	EndGlobalSection
EndGlobal
